// !$*UTF8*$!
{
	archiveVersion = 1;
	classes = {
	};
	objectVersion = 46;
	objects = {

/* Begin PBXBuildFile section */
		A2224B9E1ED651D200B0C82F /* main.m in Sources */ = {isa = PBXBuildFile; fileRef = A2224B9D1ED651D200B0C82F /* main.m */; };
		A2224BA61ED6520200B0C82F /* PizzaStore.m in Sources */ = {isa = PBXBuildFile; fileRef = A2224BA51ED6520200B0C82F /* PizzaStore.m */; };
		A2224BA91ED6523E00B0C82F /* Pizza.m in Sources */ = {isa = PBXBuildFile; fileRef = A2224BA81ED6523E00B0C82F /* Pizza.m */; };
		A2224BAC1ED652FE00B0C82F /* NYPizzaStore.m in Sources */ = {isa = PBXBuildFile; fileRef = A2224BAB1ED652FE00B0C82F /* NYPizzaStore.m */; };
		A2224BAF1ED6538600B0C82F /* NYStyleCheesePizza.m in Sources */ = {isa = PBXBuildFile; fileRef = A2224BAE1ED6538600B0C82F /* NYStyleCheesePizza.m */; };
		A2224BB21ED653C900B0C82F /* NYStyleVeggiePizza.m in Sources */ = {isa = PBXBuildFile; fileRef = A2224BB11ED653C900B0C82F /* NYStyleVeggiePizza.m */; };
		A2224BB51ED653ED00B0C82F /* NYStyleClamPizza.m in Sources */ = {isa = PBXBuildFile; fileRef = A2224BB41ED653ED00B0C82F /* NYStyleClamPizza.m */; };
		A2224BB81ED6540E00B0C82F /* NYStylePepperoniPizza.m in Sources */ = {isa = PBXBuildFile; fileRef = A2224BB71ED6540E00B0C82F /* NYStylePepperoniPizza.m */; };
		A2224BBB1ED6543D00B0C82F /* ChicagoPizzaStore.m in Sources */ = {isa = PBXBuildFile; fileRef = A2224BBA1ED6543D00B0C82F /* ChicagoPizzaStore.m */; };
		A2224BBE1ED6546700B0C82F /* ChicagoStyleCheesePizza.m in Sources */ = {isa = PBXBuildFile; fileRef = A2224BBD1ED6546700B0C82F /* ChicagoStyleCheesePizza.m */; };
		A2224BC11ED6549600B0C82F /* ChicagoStyleVeggiePizza.m in Sources */ = {isa = PBXBuildFile; fileRef = A2224BC01ED6549600B0C82F /* ChicagoStyleVeggiePizza.m */; };
		A2224BC41ED654C300B0C82F /* ChicagoStyleClamPizza.m in Sources */ = {isa = PBXBuildFile; fileRef = A2224BC31ED654C300B0C82F /* ChicagoStyleClamPizza.m */; };
		A2224BC71ED654EB00B0C82F /* ChicagoStylePepperoniPizza.m in Sources */ = {isa = PBXBuildFile; fileRef = A2224BC61ED654EB00B0C82F /* ChicagoStylePepperoniPizza.m */; };
/* End PBXBuildFile section */

/* Begin PBXCopyFilesBuildPhase section */
		A2224B981ED651D200B0C82F /* CopyFiles */ = {
			isa = PBXCopyFilesBuildPhase;
			buildActionMask = 2147483647;
			dstPath = /usr/share/man/man1/;
			dstSubfolderSpec = 0;
			files = (
			);
			runOnlyForDeploymentPostprocessing = 1;
		};
/* End PBXCopyFilesBuildPhase section */

/* Begin PBXFileReference section */
		A2224B9A1ED651D200B0C82F /* FactoryMethod */ = {isa = PBXFileReference; explicitFileType = "compiled.mach-o.executable"; includeInIndex = 0; path = FactoryMethod; sourceTree = BUILT_PRODUCTS_DIR; };
		A2224B9D1ED651D200B0C82F /* main.m */ = {isa = PBXFileReference; lastKnownFileType = sourcecode.c.objc; path = main.m; sourceTree = "<group>"; };
		A2224BA41ED6520200B0C82F /* PizzaStore.h */ = {isa = PBXFileReference; fileEncoding = 4; lastKnownFileType = sourcecode.c.h; path = PizzaStore.h; sourceTree = "<group>"; };
		A2224BA51ED6520200B0C82F /* PizzaStore.m */ = {isa = PBXFileReference; fileEncoding = 4; lastKnownFileType = sourcecode.c.objc; path = PizzaStore.m; sourceTree = "<group>"; };
		A2224BA71ED6523E00B0C82F /* Pizza.h */ = {isa = PBXFileReference; fileEncoding = 4; lastKnownFileType = sourcecode.c.h; path = Pizza.h; sourceTree = "<group>"; };
		A2224BA81ED6523E00B0C82F /* Pizza.m */ = {isa = PBXFileReference; fileEncoding = 4; lastKnownFileType = sourcecode.c.objc; path = Pizza.m; sourceTree = "<group>"; };
		A2224BAA1ED652FE00B0C82F /* NYPizzaStore.h */ = {isa = PBXFileReference; fileEncoding = 4; lastKnownFileType = sourcecode.c.h; path = NYPizzaStore.h; sourceTree = "<group>"; };
		A2224BAB1ED652FE00B0C82F /* NYPizzaStore.m */ = {isa = PBXFileReference; fileEncoding = 4; lastKnownFileType = sourcecode.c.objc; path = NYPizzaStore.m; sourceTree = "<group>"; };
		A2224BAD1ED6538600B0C82F /* NYStyleCheesePizza.h */ = {isa = PBXFileReference; fileEncoding = 4; lastKnownFileType = sourcecode.c.h; path = NYStyleCheesePizza.h; sourceTree = "<group>"; };
		A2224BAE1ED6538600B0C82F /* NYStyleCheesePizza.m */ = {isa = PBXFileReference; fileEncoding = 4; lastKnownFileType = sourcecode.c.objc; path = NYStyleCheesePizza.m; sourceTree = "<group>"; };
		A2224BB01ED653C900B0C82F /* NYStyleVeggiePizza.h */ = {isa = PBXFileReference; fileEncoding = 4; lastKnownFileType = sourcecode.c.h; path = NYStyleVeggiePizza.h; sourceTree = "<group>"; };
		A2224BB11ED653C900B0C82F /* NYStyleVeggiePizza.m */ = {isa = PBXFileReference; fileEncoding = 4; lastKnownFileType = sourcecode.c.objc; path = NYStyleVeggiePizza.m; sourceTree = "<group>"; };
		A2224BB31ED653ED00B0C82F /* NYStyleClamPizza.h */ = {isa = PBXFileReference; fileEncoding = 4; lastKnownFileType = sourcecode.c.h; path = NYStyleClamPizza.h; sourceTree = "<group>"; };
		A2224BB41ED653ED00B0C82F /* NYStyleClamPizza.m */ = {isa = PBXFileReference; fileEncoding = 4; lastKnownFileType = sourcecode.c.objc; path = NYStyleClamPizza.m; sourceTree = "<group>"; };
		A2224BB61ED6540E00B0C82F /* NYStylePepperoniPizza.h */ = {isa = PBXFileReference; fileEncoding = 4; lastKnownFileType = sourcecode.c.h; path = NYStylePepperoniPizza.h; sourceTree = "<group>"; };
		A2224BB71ED6540E00B0C82F /* NYStylePepperoniPizza.m */ = {isa = PBXFileReference; fileEncoding = 4; lastKnownFileType = sourcecode.c.objc; path = NYStylePepperoniPizza.m; sourceTree = "<group>"; };
		A2224BB91ED6543D00B0C82F /* ChicagoPizzaStore.h */ = {isa = PBXFileReference; fileEncoding = 4; lastKnownFileType = sourcecode.c.h; path = ChicagoPizzaStore.h; sourceTree = "<group>"; };
		A2224BBA1ED6543D00B0C82F /* ChicagoPizzaStore.m */ = {isa = PBXFileReference; fileEncoding = 4; lastKnownFileType = sourcecode.c.objc; path = ChicagoPizzaStore.m; sourceTree = "<group>"; };
		A2224BBC1ED6546700B0C82F /* ChicagoStyleCheesePizza.h */ = {isa = PBXFileReference; fileEncoding = 4; lastKnownFileType = sourcecode.c.h; path = ChicagoStyleCheesePizza.h; sourceTree = "<group>"; };
		A2224BBD1ED6546700B0C82F /* ChicagoStyleCheesePizza.m */ = {isa = PBXFileReference; fileEncoding = 4; lastKnownFileType = sourcecode.c.objc; path = ChicagoStyleCheesePizza.m; sourceTree = "<group>"; };
		A2224BBF1ED6549600B0C82F /* ChicagoStyleVeggiePizza.h */ = {isa = PBXFileReference; fileEncoding = 4; lastKnownFileType = sourcecode.c.h; path = ChicagoStyleVeggiePizza.h; sourceTree = "<group>"; };
		A2224BC01ED6549600B0C82F /* ChicagoStyleVeggiePizza.m */ = {isa = PBXFileReference; fileEncoding = 4; lastKnownFileType = sourcecode.c.objc; path = ChicagoStyleVeggiePizza.m; sourceTree = "<group>"; };
		A2224BC21ED654C300B0C82F /* ChicagoStyleClamPizza.h */ = {isa = PBXFileReference; fileEncoding = 4; lastKnownFileType = sourcecode.c.h; path = ChicagoStyleClamPizza.h; sourceTree = "<group>"; };
		A2224BC31ED654C300B0C82F /* ChicagoStyleClamPizza.m */ = {isa = PBXFileReference; fileEncoding = 4; lastKnownFileType = sourcecode.c.objc; path = ChicagoStyleClamPizza.m; sourceTree = "<group>"; };
		A2224BC51ED654EB00B0C82F /* ChicagoStylePepperoniPizza.h */ = {isa = PBXFileReference; fileEncoding = 4; lastKnownFileType = sourcecode.c.h; path = ChicagoStylePepperoniPizza.h; sourceTree = "<group>"; };
		A2224BC61ED654EB00B0C82F /* ChicagoStylePepperoniPizza.m */ = {isa = PBXFileReference; fileEncoding = 4; lastKnownFileType = sourcecode.c.objc; path = ChicagoStylePepperoniPizza.m; sourceTree = "<group>"; };
/* End PBXFileReference section */

/* Begin PBXFrameworksBuildPhase section */
		A2224B971ED651D200B0C82F /* Frameworks */ = {
			isa = PBXFrameworksBuildPhase;
			buildActionMask = 2147483647;
			files = (
			);
			runOnlyForDeploymentPostprocessing = 0;
		};
/* End PBXFrameworksBuildPhase section */

/* Begin PBXGroup section */
		A2224B911ED651D200B0C82F = {
			isa = PBXGroup;
			children = (
				A2224B9C1ED651D200B0C82F /* FactoryMethod */,
				A2224B9B1ED651D200B0C82F /* Products */,
			);
			sourceTree = "<group>";
		};
		A2224B9B1ED651D200B0C82F /* Products */ = {
			isa = PBXGroup;
			children = (
				A2224B9A1ED651D200B0C82F /* FactoryMethod */,
			);
			name = Products;
			sourceTree = "<group>";
		};
		A2224B9C1ED651D200B0C82F /* FactoryMethod */ = {
			isa = PBXGroup;
			children = (
				A2224B9D1ED651D200B0C82F /* main.m */,
				A2224BA41ED6520200B0C82F /* PizzaStore.h */,
				A2224BA51ED6520200B0C82F /* PizzaStore.m */,
				A2224BAA1ED652FE00B0C82F /* NYPizzaStore.h */,
				A2224BAB1ED652FE00B0C82F /* NYPizzaStore.m */,
				A2224BA71ED6523E00B0C82F /* Pizza.h */,
				A2224BA81ED6523E00B0C82F /* Pizza.m */,
				A2224BAD1ED6538600B0C82F /* NYStyleCheesePizza.h */,
				A2224BAE1ED6538600B0C82F /* NYStyleCheesePizza.m */,
				A2224BB01ED653C900B0C82F /* NYStyleVeggiePizza.h */,
				A2224BB11ED653C900B0C82F /* NYStyleVeggiePizza.m */,
				A2224BB31ED653ED00B0C82F /* NYStyleClamPizza.h */,
				A2224BB41ED653ED00B0C82F /* NYStyleClamPizza.m */,
				A2224BB61ED6540E00B0C82F /* NYStylePepperoniPizza.h */,
				A2224BB71ED6540E00B0C82F /* NYStylePepperoniPizza.m */,
				A2224BB91ED6543D00B0C82F /* ChicagoPizzaStore.h */,
				A2224BBA1ED6543D00B0C82F /* ChicagoPizzaStore.m */,
				A2224BBC1ED6546700B0C82F /* ChicagoStyleCheesePizza.h */,
				A2224BBD1ED6546700B0C82F /* ChicagoStyleCheesePizza.m */,
				A2224BBF1ED6549600B0C82F /* ChicagoStyleVeggiePizza.h */,
				A2224BC01ED6549600B0C82F /* ChicagoStyleVeggiePizza.m */,
				A2224BC21ED654C300B0C82F /* ChicagoStyleClamPizza.h */,
				A2224BC31ED654C300B0C82F /* ChicagoStyleClamPizza.m */,
				A2224BC51ED654EB00B0C82F /* ChicagoStylePepperoniPizza.h */,
				A2224BC61ED654EB00B0C82F /* ChicagoStylePepperoniPizza.m */,
			);
			path = FactoryMethod;
			sourceTree = "<group>";
		};
/* End PBXGroup section */

/* Begin PBXNativeTarget section */
		A2224B991ED651D200B0C82F /* FactoryMethod */ = {
			isa = PBXNativeTarget;
			buildConfigurationList = A2224BA11ED651D200B0C82F /* Build configuration list for PBXNativeTarget "FactoryMethod" */;
			buildPhases = (
				A2224B961ED651D200B0C82F /* Sources */,
				A2224B971ED651D200B0C82F /* Frameworks */,
				A2224B981ED651D200B0C82F /* CopyFiles */,
			);
			buildRules = (
			);
			dependencies = (
			);
			name = FactoryMethod;
			productName = FactoryMethod;
			productReference = A2224B9A1ED651D200B0C82F /* FactoryMethod */;
			productType = "com.apple.product-type.tool";
		};
/* End PBXNativeTarget section */

/* Begin PBXProject section */
		A2224B921ED651D200B0C82F /* Project object */ = {
			isa = PBXProject;
			attributes = {
				LastUpgradeCheck = 0830;
				ORGANIZATIONNAME = buginux;
				TargetAttributes = {
					A2224B991ED651D200B0C82F = {
						CreatedOnToolsVersion = 8.3.2;
						DevelopmentTeam = AMCXGTYG4X;
						ProvisioningStyle = Automatic;
					};
				};
			};
			buildConfigurationList = A2224B951ED651D200B0C82F /* Build configuration list for PBXProject "FactoryMethod" */;
			compatibilityVersion = "Xcode 3.2";
			developmentRegion = English;
			hasScannedForEncodings = 0;
			knownRegions = (
				en,
			);
			mainGroup = A2224B911ED651D200B0C82F;
			productRefGroup = A2224B9B1ED651D200B0C82F /* Products */;
			projectDirPath = "";
			projectRoot = "";
			targets = (
				A2224B991ED651D200B0C82F /* FactoryMethod */,
			);
		};
/* End PBXProject section */

/* Begin PBXSourcesBuildPhase section */
		A2224B961ED651D200B0C82F /* Sources */ = {
			isa = PBXSourcesBuildPhase;
			buildActionMask = 2147483647;
			files = (
				A2224BC41ED654C300B0C82F /* ChicagoStyleClamPizza.m in Sources */,
				A2224BA91ED6523E00B0C82F /* Pizza.m in Sources */,
				A2224BB51ED653ED00B0C82F /* NYStyleClamPizza.m in Sources */,
				A2224BB81ED6540E00B0C82F /* NYStylePepperoniPizza.m in Sources */,
				A2224BA61ED6520200B0C82F /* PizzaStore.m in Sources */,
				A2224BAF1ED6538600B0C82F /* NYStyleCheesePizza.m in Sources */,
				A2224BC71ED654EB00B0C82F /* ChicagoStylePepperoniPizza.m in Sources */,
				A2224B9E1ED651D200B0C82F /* main.m in Sources */,
				A2224BBE1ED6546700B0C82F /* ChicagoStyleCheesePizza.m in Sources */,
				A2224BB21ED653C900B0C82F /* NYStyleVeggiePizza.m in Sources */,
				A2224BBB1ED6543D00B0C82F /* ChicagoPizzaStore.m in Sources */,
				A2224BAC1ED652FE00B0C82F /* NYPizzaStore.m in Sources */,
				A2224BC11ED6549600B0C82F /* ChicagoStyleVeggiePizza.m in Sources */,
			);
			runOnlyForDeploymentPostprocessing = 0;
		};
/* End PBXSourcesBuildPhase section */

/* Begin XCBuildConfiguration section */
		A2224B9F1ED651D200B0C82F /* Debug */ = {
			isa = XCBuildConfiguration;
			buildSettings = {
				ALWAYS_SEARCH_USER_PATHS = NO;
				CLANG_ANALYZER_NONNULL = YES;
				CLANG_ANALYZER_NUMBER_OBJECT_CONVERSION = YES_AGGRESSIVE;
				CLANG_CXX_LANGUAGE_STANDARD = "gnu++0x";
				CLANG_CXX_LIBRARY = "libc++";
				CLANG_ENABLE_MODULES = YES;
				CLANG_ENABLE_OBJC_ARC = YES;
				CLANG_WARN_BOOL_CONVERSION = YES;
				CLANG_WARN_CONSTANT_CONVERSION = YES;
				CLANG_WARN_DIRECT_OBJC_ISA_USAGE = YES_ERROR;
				CLANG_WARN_DOCUMENTATION_COMMENTS = YES;
				CLANG_WARN_EMPTY_BODY = YES;
				CLANG_WARN_ENUM_CONVERSION = YES;
				CLANG_WARN_INFINITE_RECURSION = YES;
				CLANG_WARN_INT_CONVERSION = YES;
				CLANG_WARN_OBJC_ROOT_CLASS = YES_ERROR;
				CLANG_WARN_SUSPICIOUS_MOVE = YES;
				CLANG_WARN_UNREACHABLE_CODE = YES;
				CLANG_WARN__DUPLICATE_METHOD_MATCH = YES;
				CODE_SIGN_IDENTITY = "-";
				COPY_PHASE_STRIP = NO;
				DEBUG_INFORMATION_FORMAT = dwarf;
				ENABLE_STRICT_OBJC_MSGSEND = YES;
				ENABLE_TESTABILITY = YES;
				GCC_C_LANGUAGE_STANDARD = gnu99;
				GCC_DYNAMIC_NO_PIC = NO;
				GCC_NO_COMMON_BLOCKS = YES;
				GCC_OPTIMIZATION_LEVEL = 0;
				GCC_PREPROCESSOR_DEFINITIONS = (
					"DEBUG=1",
					"$(inherited)",
				);
				GCC_WARN_64_TO_32_BIT_CONVERSION = YES;
				GCC_WARN_ABOUT_RETURN_TYPE = YES_ERROR;
				GCC_WARN_UNDECLARED_SELECTOR = YES;
				GCC_WARN_UNINITIALIZED_AUTOS = YES_AGGRESSIVE;
				GCC_WARN_UNUSED_FUNCTION = YES;
				GCC_WARN_UNUSED_VARIABLE = YES;
				MACOSX_DEPLOYMENT_TARGET = 10.12;
				MTL_ENABLE_DEBUG_INFO = YES;
				ONLY_ACTIVE_ARCH = YES;
				SDKROOT = macosx;
			};
			name = Debug;
		};
		A2224BA01ED651D200B0C82F /* Release */ = {
			isa = XCBuildConfiguration;
			buildSettings = {
				ALWAYS_SEARCH_USER_PATHS = NO;
				CLANG_ANALYZER_NONNULL = YES;
				CLANG_ANALYZER_NUMBER_OBJECT_CONVERSION = YES_AGGRESSIVE;
				CLANG_CXX_LANGUAGE_STANDARD = "gnu++0x";
				CLANG_CXX_LIBRARY = "libc++";
				CLANG_ENABLE_MODULES = YES;
				CLANG_ENABLE_OBJC_ARC = YES;
				CLANG_WARN_BOOL_CONVERSION = YES;
				CLANG_WARN_CONSTANT_CONVERSION = YES;
				CLANG_WARN_DIRECT_OBJC_ISA_USAGE = YES_ERROR;
				CLANG_WARN_DOCUMENTATION_COMMENTS = YES;
				CLANG_WARN_EMPTY_BODY = YES;
				CLANG_WARN_ENUM_CONVERSION = YES;
				CLANG_WARN_INFINITE_RECURSION = YES;
				CLANG_WARN_INT_CONVERSION = YES;
				CLANG_WARN_OBJC_ROOT_CLASS = YES_ERROR;
				CLANG_WARN_SUSPICIOUS_MOVE = YES;
				CLANG_WARN_UNREACHABLE_CODE = YES;
				CLANG_WARN__DUPLICATE_METHOD_MATCH = YES;
				CODE_SIGN_IDENTITY = "-";
				COPY_PHASE_STRIP = NO;
				DEBUG_INFORMATION_FORMAT = "dwarf-with-dsym";
				ENABLE_NS_ASSERTIONS = NO;
				ENABLE_STRICT_OBJC_MSGSEND = YES;
				GCC_C_LANGUAGE_STANDARD = gnu99;
				GCC_NO_COMMON_BLOCKS = YES;
				GCC_WARN_64_TO_32_BIT_CONVERSION = YES;
				GCC_WARN_ABOUT_RETURN_TYPE = YES_ERROR;
				GCC_WARN_UNDECLARED_SELECTOR = YES;
				GCC_WARN_UNINITIALIZED_AUTOS = YES_AGGRESSIVE;
				GCC_WARN_UNUSED_FUNCTION = YES;
				GCC_WARN_UNUSED_VARIABLE = YES;
				MACOSX_DEPLOYMENT_TARGET = 10.12;
				MTL_ENABLE_DEBUG_INFO = NO;
				SDKROOT = macosx;
			};
			name = Release;
		};
		A2224BA21ED651D200B0C82F /* Debug */ = {
			isa = XCBuildConfiguration;
			buildSettings = {
				DEVELOPMENT_TEAM = AMCXGTYG4X;
				PRODUCT_NAME = "$(TARGET_NAME)";
			};
			name = Debug;
		};
		A2224BA31ED651D200B0C82F /* Release */ = {
			isa = XCBuildConfiguration;
			buildSettings = {
				DEVELOPMENT_TEAM = AMCXGTYG4X;
				PRODUCT_NAME = "$(TARGET_NAME)";
			};
			name = Release;
		};
/* End XCBuildConfiguration section */

/* Begin XCConfigurationList section */
		A2224B951ED651D200B0C82F /* Build configuration list for PBXProject "FactoryMethod" */ = {
			isa = XCConfigurationList;
			buildConfigurations = (
				A2224B9F1ED651D200B0C82F /* Debug */,
				A2224BA01ED651D200B0C82F /* Release */,
			);
			defaultConfigurationIsVisible = 0;
			defaultConfigurationName = Release;
		};
		A2224BA11ED651D200B0C82F /* Build configuration list for PBXNativeTarget "FactoryMethod" */ = {
			isa = XCConfigurationList;
			buildConfigurations = (
				A2224BA21ED651D200B0C82F /* Debug */,
				A2224BA31ED651D200B0C82F /* Release */,
			);
			defaultConfigurationIsVisible = 0;
		};
/* End XCConfigurationList section */
	};
	rootObject = A2224B921ED651D200B0C82F /* Project object */;
}
