// !$*UTF8*$!
{
	archiveVersion = 1;
	classes = {
	};
	objectVersion = 46;
	objects = {

/* Begin PBXBuildFile section */
		A2224EA71EDA46EA008FFDFB /* main.m in Sources */ = {isa = PBXBuildFile; fileRef = A2224EA61EDA46EA008FFDFB /* main.m */; };
		A2224EB11EDA47B9008FFDFB /* MallardDuck.m in Sources */ = {isa = PBXBuildFile; fileRef = A2224EB01EDA47B9008FFDFB /* MallardDuck.m */; };
		A2224EB41EDA49C9008FFDFB /* WildTurkey.m in Sources */ = {isa = PBXBuildFile; fileRef = A2224EB31EDA49C9008FFDFB /* WildTurkey.m */; };
		A2224EB71EDA4AA0008FFDFB /* TurkeyAdapter.m in Sources */ = {isa = PBXBuildFile; fileRef = A2224EB61EDA4AA0008FFDFB /* TurkeyAdapter.m */; };
/* End PBXBuildFile section */

/* Begin PBXCopyFilesBuildPhase section */
		A2224EA11EDA46EA008FFDFB /* CopyFiles */ = {
			isa = PBXCopyFilesBuildPhase;
			buildActionMask = 2147483647;
			dstPath = /usr/share/man/man1/;
			dstSubfolderSpec = 0;
			files = (
			);
			runOnlyForDeploymentPostprocessing = 1;
		};
/* End PBXCopyFilesBuildPhase section */

/* Begin PBXFileReference section */
		A2224EA31EDA46EA008FFDFB /* AdapterPattern */ = {isa = PBXFileReference; explicitFileType = "compiled.mach-o.executable"; includeInIndex = 0; path = AdapterPattern; sourceTree = BUILT_PRODUCTS_DIR; };
		A2224EA61EDA46EA008FFDFB /* main.m */ = {isa = PBXFileReference; lastKnownFileType = sourcecode.c.objc; path = main.m; sourceTree = "<group>"; };
		A2224EAD1EDA4717008FFDFB /* Turkey.h */ = {isa = PBXFileReference; fileEncoding = 4; lastKnownFileType = sourcecode.c.h; path = Turkey.h; sourceTree = "<group>"; };
		A2224EAE1EDA475A008FFDFB /* Duck.h */ = {isa = PBXFileReference; fileEncoding = 4; lastKnownFileType = sourcecode.c.h; path = Duck.h; sourceTree = "<group>"; };
		A2224EAF1EDA47B9008FFDFB /* MallardDuck.h */ = {isa = PBXFileReference; fileEncoding = 4; lastKnownFileType = sourcecode.c.h; path = MallardDuck.h; sourceTree = "<group>"; };
		A2224EB01EDA47B9008FFDFB /* MallardDuck.m */ = {isa = PBXFileReference; fileEncoding = 4; lastKnownFileType = sourcecode.c.objc; path = MallardDuck.m; sourceTree = "<group>"; };
		A2224EB21EDA49C9008FFDFB /* WildTurkey.h */ = {isa = PBXFileReference; fileEncoding = 4; lastKnownFileType = sourcecode.c.h; path = WildTurkey.h; sourceTree = "<group>"; };
		A2224EB31EDA49C9008FFDFB /* WildTurkey.m */ = {isa = PBXFileReference; fileEncoding = 4; lastKnownFileType = sourcecode.c.objc; path = WildTurkey.m; sourceTree = "<group>"; };
		A2224EB51EDA4AA0008FFDFB /* TurkeyAdapter.h */ = {isa = PBXFileReference; fileEncoding = 4; lastKnownFileType = sourcecode.c.h; path = TurkeyAdapter.h; sourceTree = "<group>"; };
		A2224EB61EDA4AA0008FFDFB /* TurkeyAdapter.m */ = {isa = PBXFileReference; fileEncoding = 4; lastKnownFileType = sourcecode.c.objc; path = TurkeyAdapter.m; sourceTree = "<group>"; };
/* End PBXFileReference section */

/* Begin PBXFrameworksBuildPhase section */
		A2224EA01EDA46EA008FFDFB /* Frameworks */ = {
			isa = PBXFrameworksBuildPhase;
			buildActionMask = 2147483647;
			files = (
			);
			runOnlyForDeploymentPostprocessing = 0;
		};
/* End PBXFrameworksBuildPhase section */

/* Begin PBXGroup section */
		A2224E9A1EDA46EA008FFDFB = {
			isa = PBXGroup;
			children = (
				A2224EA51EDA46EA008FFDFB /* AdapterPattern */,
				A2224EA41EDA46EA008FFDFB /* Products */,
			);
			sourceTree = "<group>";
		};
		A2224EA41EDA46EA008FFDFB /* Products */ = {
			isa = PBXGroup;
			children = (
				A2224EA31EDA46EA008FFDFB /* AdapterPattern */,
			);
			name = Products;
			sourceTree = "<group>";
		};
		A2224EA51EDA46EA008FFDFB /* AdapterPattern */ = {
			isa = PBXGroup;
			children = (
				A2224EA61EDA46EA008FFDFB /* main.m */,
				A2224EAD1EDA4717008FFDFB /* Turkey.h */,
				A2224EAE1EDA475A008FFDFB /* Duck.h */,
				A2224EAF1EDA47B9008FFDFB /* MallardDuck.h */,
				A2224EB01EDA47B9008FFDFB /* MallardDuck.m */,
				A2224EB21EDA49C9008FFDFB /* WildTurkey.h */,
				A2224EB31EDA49C9008FFDFB /* WildTurkey.m */,
				A2224EB51EDA4AA0008FFDFB /* TurkeyAdapter.h */,
				A2224EB61EDA4AA0008FFDFB /* TurkeyAdapter.m */,
			);
			path = AdapterPattern;
			sourceTree = "<group>";
		};
/* End PBXGroup section */

/* Begin PBXNativeTarget section */
		A2224EA21EDA46EA008FFDFB /* AdapterPattern */ = {
			isa = PBXNativeTarget;
			buildConfigurationList = A2224EAA1EDA46EA008FFDFB /* Build configuration list for PBXNativeTarget "AdapterPattern" */;
			buildPhases = (
				A2224E9F1EDA46EA008FFDFB /* Sources */,
				A2224EA01EDA46EA008FFDFB /* Frameworks */,
				A2224EA11EDA46EA008FFDFB /* CopyFiles */,
			);
			buildRules = (
			);
			dependencies = (
			);
			name = AdapterPattern;
			productName = AdapterPattern;
			productReference = A2224EA31EDA46EA008FFDFB /* AdapterPattern */;
			productType = "com.apple.product-type.tool";
		};
/* End PBXNativeTarget section */

/* Begin PBXProject section */
		A2224E9B1EDA46EA008FFDFB /* Project object */ = {
			isa = PBXProject;
			attributes = {
				LastUpgradeCheck = 0830;
				ORGANIZATIONNAME = buginux;
				TargetAttributes = {
					A2224EA21EDA46EA008FFDFB = {
						CreatedOnToolsVersion = 8.3.2;
						DevelopmentTeam = AMCXGTYG4X;
						ProvisioningStyle = Automatic;
					};
				};
			};
			buildConfigurationList = A2224E9E1EDA46EA008FFDFB /* Build configuration list for PBXProject "AdapterPattern" */;
			compatibilityVersion = "Xcode 3.2";
			developmentRegion = English;
			hasScannedForEncodings = 0;
			knownRegions = (
				en,
			);
			mainGroup = A2224E9A1EDA46EA008FFDFB;
			productRefGroup = A2224EA41EDA46EA008FFDFB /* Products */;
			projectDirPath = "";
			projectRoot = "";
			targets = (
				A2224EA21EDA46EA008FFDFB /* AdapterPattern */,
			);
		};
/* End PBXProject section */

/* Begin PBXSourcesBuildPhase section */
		A2224E9F1EDA46EA008FFDFB /* Sources */ = {
			isa = PBXSourcesBuildPhase;
			buildActionMask = 2147483647;
			files = (
				A2224EB11EDA47B9008FFDFB /* MallardDuck.m in Sources */,
				A2224EA71EDA46EA008FFDFB /* main.m in Sources */,
				A2224EB41EDA49C9008FFDFB /* WildTurkey.m in Sources */,
				A2224EB71EDA4AA0008FFDFB /* TurkeyAdapter.m in Sources */,
			);
			runOnlyForDeploymentPostprocessing = 0;
		};
/* End PBXSourcesBuildPhase section */

/* Begin XCBuildConfiguration section */
		A2224EA81EDA46EA008FFDFB /* Debug */ = {
			isa = XCBuildConfiguration;
			buildSettings = {
				ALWAYS_SEARCH_USER_PATHS = NO;
				CLANG_ANALYZER_NONNULL = YES;
				CLANG_ANALYZER_NUMBER_OBJECT_CONVERSION = YES_AGGRESSIVE;
				CLANG_CXX_LANGUAGE_STANDARD = "gnu++0x";
				CLANG_CXX_LIBRARY = "libc++";
				CLANG_ENABLE_MODULES = YES;
				CLANG_ENABLE_OBJC_ARC = YES;
				CLANG_WARN_BOOL_CONVERSION = YES;
				CLANG_WARN_CONSTANT_CONVERSION = YES;
				CLANG_WARN_DIRECT_OBJC_ISA_USAGE = YES_ERROR;
				CLANG_WARN_DOCUMENTATION_COMMENTS = YES;
				CLANG_WARN_EMPTY_BODY = YES;
				CLANG_WARN_ENUM_CONVERSION = YES;
				CLANG_WARN_INFINITE_RECURSION = YES;
				CLANG_WARN_INT_CONVERSION = YES;
				CLANG_WARN_OBJC_ROOT_CLASS = YES_ERROR;
				CLANG_WARN_SUSPICIOUS_MOVE = YES;
				CLANG_WARN_UNREACHABLE_CODE = YES;
				CLANG_WARN__DUPLICATE_METHOD_MATCH = YES;
				CODE_SIGN_IDENTITY = "-";
				COPY_PHASE_STRIP = NO;
				DEBUG_INFORMATION_FORMAT = dwarf;
				ENABLE_STRICT_OBJC_MSGSEND = YES;
				ENABLE_TESTABILITY = YES;
				GCC_C_LANGUAGE_STANDARD = gnu99;
				GCC_DYNAMIC_NO_PIC = NO;
				GCC_NO_COMMON_BLOCKS = YES;
				GCC_OPTIMIZATION_LEVEL = 0;
				GCC_PREPROCESSOR_DEFINITIONS = (
					"DEBUG=1",
					"$(inherited)",
				);
				GCC_WARN_64_TO_32_BIT_CONVERSION = YES;
				GCC_WARN_ABOUT_RETURN_TYPE = YES_ERROR;
				GCC_WARN_UNDECLARED_SELECTOR = YES;
				GCC_WARN_UNINITIALIZED_AUTOS = YES_AGGRESSIVE;
				GCC_WARN_UNUSED_FUNCTION = YES;
				GCC_WARN_UNUSED_VARIABLE = YES;
				MACOSX_DEPLOYMENT_TARGET = 10.12;
				MTL_ENABLE_DEBUG_INFO = YES;
				ONLY_ACTIVE_ARCH = YES;
				SDKROOT = macosx;
			};
			name = Debug;
		};
		A2224EA91EDA46EA008FFDFB /* Release */ = {
			isa = XCBuildConfiguration;
			buildSettings = {
				ALWAYS_SEARCH_USER_PATHS = NO;
				CLANG_ANALYZER_NONNULL = YES;
				CLANG_ANALYZER_NUMBER_OBJECT_CONVERSION = YES_AGGRESSIVE;
				CLANG_CXX_LANGUAGE_STANDARD = "gnu++0x";
				CLANG_CXX_LIBRARY = "libc++";
				CLANG_ENABLE_MODULES = YES;
				CLANG_ENABLE_OBJC_ARC = YES;
				CLANG_WARN_BOOL_CONVERSION = YES;
				CLANG_WARN_CONSTANT_CONVERSION = YES;
				CLANG_WARN_DIRECT_OBJC_ISA_USAGE = YES_ERROR;
				CLANG_WARN_DOCUMENTATION_COMMENTS = YES;
				CLANG_WARN_EMPTY_BODY = YES;
				CLANG_WARN_ENUM_CONVERSION = YES;
				CLANG_WARN_INFINITE_RECURSION = YES;
				CLANG_WARN_INT_CONVERSION = YES;
				CLANG_WARN_OBJC_ROOT_CLASS = YES_ERROR;
				CLANG_WARN_SUSPICIOUS_MOVE = YES;
				CLANG_WARN_UNREACHABLE_CODE = YES;
				CLANG_WARN__DUPLICATE_METHOD_MATCH = YES;
				CODE_SIGN_IDENTITY = "-";
				COPY_PHASE_STRIP = NO;
				DEBUG_INFORMATION_FORMAT = "dwarf-with-dsym";
				ENABLE_NS_ASSERTIONS = NO;
				ENABLE_STRICT_OBJC_MSGSEND = YES;
				GCC_C_LANGUAGE_STANDARD = gnu99;
				GCC_NO_COMMON_BLOCKS = YES;
				GCC_WARN_64_TO_32_BIT_CONVERSION = YES;
				GCC_WARN_ABOUT_RETURN_TYPE = YES_ERROR;
				GCC_WARN_UNDECLARED_SELECTOR = YES;
				GCC_WARN_UNINITIALIZED_AUTOS = YES_AGGRESSIVE;
				GCC_WARN_UNUSED_FUNCTION = YES;
				GCC_WARN_UNUSED_VARIABLE = YES;
				MACOSX_DEPLOYMENT_TARGET = 10.12;
				MTL_ENABLE_DEBUG_INFO = NO;
				SDKROOT = macosx;
			};
			name = Release;
		};
		A2224EAB1EDA46EA008FFDFB /* Debug */ = {
			isa = XCBuildConfiguration;
			buildSettings = {
				DEVELOPMENT_TEAM = AMCXGTYG4X;
				PRODUCT_NAME = "$(TARGET_NAME)";
			};
			name = Debug;
		};
		A2224EAC1EDA46EA008FFDFB /* Release */ = {
			isa = XCBuildConfiguration;
			buildSettings = {
				DEVELOPMENT_TEAM = AMCXGTYG4X;
				PRODUCT_NAME = "$(TARGET_NAME)";
			};
			name = Release;
		};
/* End XCBuildConfiguration section */

/* Begin XCConfigurationList section */
		A2224E9E1EDA46EA008FFDFB /* Build configuration list for PBXProject "AdapterPattern" */ = {
			isa = XCConfigurationList;
			buildConfigurations = (
				A2224EA81EDA46EA008FFDFB /* Debug */,
				A2224EA91EDA46EA008FFDFB /* Release */,
			);
			defaultConfigurationIsVisible = 0;
			defaultConfigurationName = Release;
		};
		A2224EAA1EDA46EA008FFDFB /* Build configuration list for PBXNativeTarget "AdapterPattern" */ = {
			isa = XCConfigurationList;
			buildConfigurations = (
				A2224EAB1EDA46EA008FFDFB /* Debug */,
				A2224EAC1EDA46EA008FFDFB /* Release */,
			);
			defaultConfigurationIsVisible = 0;
		};
/* End XCConfigurationList section */
	};
	rootObject = A2224E9B1EDA46EA008FFDFB /* Project object */;
}
