// !$*UTF8*$!
{
	archiveVersion = 1;
	classes = {
	};
	objectVersion = 46;
	objects = {

/* Begin PBXBuildFile section */
		A2224BD61ED679AE00B0C82F /* main.m in Sources */ = {isa = PBXBuildFile; fileRef = A2224BD51ED679AE00B0C82F /* main.m */; };
		A2224BD91ED679AE00B0C82F /* AppDelegate.m in Sources */ = {isa = PBXBuildFile; fileRef = A2224BD81ED679AE00B0C82F /* AppDelegate.m */; };
		A2224BDC1ED679AE00B0C82F /* ViewController.m in Sources */ = {isa = PBXBuildFile; fileRef = A2224BDB1ED679AE00B0C82F /* ViewController.m */; };
		A2224BDF1ED679AE00B0C82F /* Main.storyboard in Resources */ = {isa = PBXBuildFile; fileRef = A2224BDD1ED679AE00B0C82F /* Main.storyboard */; };
		A2224BE11ED679AE00B0C82F /* Assets.xcassets in Resources */ = {isa = PBXBuildFile; fileRef = A2224BE01ED679AE00B0C82F /* Assets.xcassets */; };
/* End PBXBuildFile section */

/* Begin PBXFileReference section */
		A2224BD11ED679AE00B0C82F /* Meh.app */ = {isa = PBXFileReference; explicitFileType = wrapper.application; includeInIndex = 0; path = Meh.app; sourceTree = BUILT_PRODUCTS_DIR; };
		A2224BD51ED679AE00B0C82F /* main.m */ = {isa = PBXFileReference; lastKnownFileType = sourcecode.c.objc; path = main.m; sourceTree = "<group>"; };
		A2224BD71ED679AE00B0C82F /* AppDelegate.h */ = {isa = PBXFileReference; lastKnownFileType = sourcecode.c.h; path = AppDelegate.h; sourceTree = "<group>"; };
		A2224BD81ED679AE00B0C82F /* AppDelegate.m */ = {isa = PBXFileReference; lastKnownFileType = sourcecode.c.objc; path = AppDelegate.m; sourceTree = "<group>"; };
		A2224BDA1ED679AE00B0C82F /* ViewController.h */ = {isa = PBXFileReference; lastKnownFileType = sourcecode.c.h; path = ViewController.h; sourceTree = "<group>"; };
		A2224BDB1ED679AE00B0C82F /* ViewController.m */ = {isa = PBXFileReference; lastKnownFileType = sourcecode.c.objc; path = ViewController.m; sourceTree = "<group>"; };
		A2224BDE1ED679AE00B0C82F /* Base */ = {isa = PBXFileReference; lastKnownFileType = file.storyboard; name = Base; path = Base.lproj/Main.storyboard; sourceTree = "<group>"; };
		A2224BE01ED679AE00B0C82F /* Assets.xcassets */ = {isa = PBXFileReference; lastKnownFileType = folder.assetcatalog; path = Assets.xcassets; sourceTree = "<group>"; };
		A2224BE21ED679AE00B0C82F /* Info.plist */ = {isa = PBXFileReference; lastKnownFileType = text.plist.xml; path = Info.plist; sourceTree = "<group>"; };
/* End PBXFileReference section */

/* Begin PBXFrameworksBuildPhase section */
		A2224BCE1ED679AE00B0C82F /* Frameworks */ = {
			isa = PBXFrameworksBuildPhase;
			buildActionMask = 2147483647;
			files = (
			);
			runOnlyForDeploymentPostprocessing = 0;
		};
/* End PBXFrameworksBuildPhase section */

/* Begin PBXGroup section */
		A2224BC81ED679AE00B0C82F = {
			isa = PBXGroup;
			children = (
				A2224BD31ED679AE00B0C82F /* Meh */,
				A2224BD21ED679AE00B0C82F /* Products */,
			);
			sourceTree = "<group>";
		};
		A2224BD21ED679AE00B0C82F /* Products */ = {
			isa = PBXGroup;
			children = (
				A2224BD11ED679AE00B0C82F /* Meh.app */,
			);
			name = Products;
			sourceTree = "<group>";
		};
		A2224BD31ED679AE00B0C82F /* Meh */ = {
			isa = PBXGroup;
			children = (
				A2224BD71ED679AE00B0C82F /* AppDelegate.h */,
				A2224BD81ED679AE00B0C82F /* AppDelegate.m */,
				A2224BDA1ED679AE00B0C82F /* ViewController.h */,
				A2224BDB1ED679AE00B0C82F /* ViewController.m */,
				A2224BDD1ED679AE00B0C82F /* Main.storyboard */,
				A2224BE01ED679AE00B0C82F /* Assets.xcassets */,
				A2224BE21ED679AE00B0C82F /* Info.plist */,
				A2224BD41ED679AE00B0C82F /* Supporting Files */,
			);
			path = Meh;
			sourceTree = "<group>";
		};
		A2224BD41ED679AE00B0C82F /* Supporting Files */ = {
			isa = PBXGroup;
			children = (
				A2224BD51ED679AE00B0C82F /* main.m */,
			);
			name = "Supporting Files";
			sourceTree = "<group>";
		};
/* End PBXGroup section */

/* Begin PBXNativeTarget section */
		A2224BD01ED679AE00B0C82F /* Meh */ = {
			isa = PBXNativeTarget;
			buildConfigurationList = A2224BE51ED679AE00B0C82F /* Build configuration list for PBXNativeTarget "Meh" */;
			buildPhases = (
				A2224BCD1ED679AE00B0C82F /* Sources */,
				A2224BCE1ED679AE00B0C82F /* Frameworks */,
				A2224BCF1ED679AE00B0C82F /* Resources */,
			);
			buildRules = (
			);
			dependencies = (
			);
			name = Meh;
			productName = Meh;
			productReference = A2224BD11ED679AE00B0C82F /* Meh.app */;
			productType = "com.apple.product-type.application";
		};
/* End PBXNativeTarget section */

/* Begin PBXProject section */
		A2224BC91ED679AE00B0C82F /* Project object */ = {
			isa = PBXProject;
			attributes = {
				LastUpgradeCheck = 0830;
				ORGANIZATIONNAME = buginux;
				TargetAttributes = {
					A2224BD01ED679AE00B0C82F = {
						CreatedOnToolsVersion = 8.3.2;
						DevelopmentTeam = AMCXGTYG4X;
						ProvisioningStyle = Automatic;
					};
				};
			};
			buildConfigurationList = A2224BCC1ED679AE00B0C82F /* Build configuration list for PBXProject "Meh" */;
			compatibilityVersion = "Xcode 3.2";
			developmentRegion = English;
			hasScannedForEncodings = 0;
			knownRegions = (
				en,
				Base,
			);
			mainGroup = A2224BC81ED679AE00B0C82F;
			productRefGroup = A2224BD21ED679AE00B0C82F /* Products */;
			projectDirPath = "";
			projectRoot = "";
			targets = (
				A2224BD01ED679AE00B0C82F /* Meh */,
			);
		};
/* End PBXProject section */

/* Begin PBXResourcesBuildPhase section */
		A2224BCF1ED679AE00B0C82F /* Resources */ = {
			isa = PBXResourcesBuildPhase;
			buildActionMask = 2147483647;
			files = (
				A2224BE11ED679AE00B0C82F /* Assets.xcassets in Resources */,
				A2224BDF1ED679AE00B0C82F /* Main.storyboard in Resources */,
			);
			runOnlyForDeploymentPostprocessing = 0;
		};
/* End PBXResourcesBuildPhase section */

/* Begin PBXSourcesBuildPhase section */
		A2224BCD1ED679AE00B0C82F /* Sources */ = {
			isa = PBXSourcesBuildPhase;
			buildActionMask = 2147483647;
			files = (
				A2224BDC1ED679AE00B0C82F /* ViewController.m in Sources */,
				A2224BD91ED679AE00B0C82F /* AppDelegate.m in Sources */,
				A2224BD61ED679AE00B0C82F /* main.m in Sources */,
			);
			runOnlyForDeploymentPostprocessing = 0;
		};
/* End PBXSourcesBuildPhase section */

/* Begin PBXVariantGroup section */
		A2224BDD1ED679AE00B0C82F /* Main.storyboard */ = {
			isa = PBXVariantGroup;
			children = (
				A2224BDE1ED679AE00B0C82F /* Base */,
			);
			name = Main.storyboard;
			sourceTree = "<group>";
		};
/* End PBXVariantGroup section */

/* Begin XCBuildConfiguration section */
		A2224BE31ED679AE00B0C82F /* Debug */ = {
			isa = XCBuildConfiguration;
			buildSettings = {
				ALWAYS_SEARCH_USER_PATHS = NO;
				CLANG_ANALYZER_NONNULL = YES;
				CLANG_ANALYZER_NUMBER_OBJECT_CONVERSION = YES_AGGRESSIVE;
				CLANG_CXX_LANGUAGE_STANDARD = "gnu++0x";
				CLANG_CXX_LIBRARY = "libc++";
				CLANG_ENABLE_MODULES = YES;
				CLANG_ENABLE_OBJC_ARC = YES;
				CLANG_WARN_BOOL_CONVERSION = YES;
				CLANG_WARN_CONSTANT_CONVERSION = YES;
				CLANG_WARN_DIRECT_OBJC_ISA_USAGE = YES_ERROR;
				CLANG_WARN_DOCUMENTATION_COMMENTS = YES;
				CLANG_WARN_EMPTY_BODY = YES;
				CLANG_WARN_ENUM_CONVERSION = YES;
				CLANG_WARN_INFINITE_RECURSION = YES;
				CLANG_WARN_INT_CONVERSION = YES;
				CLANG_WARN_OBJC_ROOT_CLASS = YES_ERROR;
				CLANG_WARN_SUSPICIOUS_MOVE = YES;
				CLANG_WARN_UNREACHABLE_CODE = YES;
				CLANG_WARN__DUPLICATE_METHOD_MATCH = YES;
				COPY_PHASE_STRIP = NO;
				DEBUG_INFORMATION_FORMAT = dwarf;
				ENABLE_STRICT_OBJC_MSGSEND = YES;
				ENABLE_TESTABILITY = YES;
				GCC_C_LANGUAGE_STANDARD = gnu99;
				GCC_DYNAMIC_NO_PIC = NO;
				GCC_NO_COMMON_BLOCKS = YES;
				GCC_OPTIMIZATION_LEVEL = 0;
				GCC_PREPROCESSOR_DEFINITIONS = (
					"DEBUG=1",
					"$(inherited)",
				);
				GCC_WARN_64_TO_32_BIT_CONVERSION = YES;
				GCC_WARN_ABOUT_RETURN_TYPE = YES_ERROR;
				GCC_WARN_UNDECLARED_SELECTOR = YES;
				GCC_WARN_UNINITIALIZED_AUTOS = YES_AGGRESSIVE;
				GCC_WARN_UNUSED_FUNCTION = YES;
				GCC_WARN_UNUSED_VARIABLE = YES;
				MTL_ENABLE_DEBUG_INFO = YES;
				ONLY_ACTIVE_ARCH = YES;
				SDKROOT = appletvos;
				TARGETED_DEVICE_FAMILY = 3;
				TVOS_DEPLOYMENT_TARGET = 10.2;
			};
			name = Debug;
		};
		A2224BE41ED679AE00B0C82F /* Release */ = {
			isa = XCBuildConfiguration;
			buildSettings = {
				ALWAYS_SEARCH_USER_PATHS = NO;
				CLANG_ANALYZER_NONNULL = YES;
				CLANG_ANALYZER_NUMBER_OBJECT_CONVERSION = YES_AGGRESSIVE;
				CLANG_CXX_LANGUAGE_STANDARD = "gnu++0x";
				CLANG_CXX_LIBRARY = "libc++";
				CLANG_ENABLE_MODULES = YES;
				CLANG_ENABLE_OBJC_ARC = YES;
				CLANG_WARN_BOOL_CONVERSION = YES;
				CLANG_WARN_CONSTANT_CONVERSION = YES;
				CLANG_WARN_DIRECT_OBJC_ISA_USAGE = YES_ERROR;
				CLANG_WARN_DOCUMENTATION_COMMENTS = YES;
				CLANG_WARN_EMPTY_BODY = YES;
				CLANG_WARN_ENUM_CONVERSION = YES;
				CLANG_WARN_INFINITE_RECURSION = YES;
				CLANG_WARN_INT_CONVERSION = YES;
				CLANG_WARN_OBJC_ROOT_CLASS = YES_ERROR;
				CLANG_WARN_SUSPICIOUS_MOVE = YES;
				CLANG_WARN_UNREACHABLE_CODE = YES;
				CLANG_WARN__DUPLICATE_METHOD_MATCH = YES;
				COPY_PHASE_STRIP = NO;
				DEBUG_INFORMATION_FORMAT = "dwarf-with-dsym";
				ENABLE_NS_ASSERTIONS = NO;
				ENABLE_STRICT_OBJC_MSGSEND = YES;
				GCC_C_LANGUAGE_STANDARD = gnu99;
				GCC_NO_COMMON_BLOCKS = YES;
				GCC_WARN_64_TO_32_BIT_CONVERSION = YES;
				GCC_WARN_ABOUT_RETURN_TYPE = YES_ERROR;
				GCC_WARN_UNDECLARED_SELECTOR = YES;
				GCC_WARN_UNINITIALIZED_AUTOS = YES_AGGRESSIVE;
				GCC_WARN_UNUSED_FUNCTION = YES;
				GCC_WARN_UNUSED_VARIABLE = YES;
				MTL_ENABLE_DEBUG_INFO = NO;
				SDKROOT = appletvos;
				TARGETED_DEVICE_FAMILY = 3;
				TVOS_DEPLOYMENT_TARGET = 10.2;
				VALIDATE_PRODUCT = YES;
			};
			name = Release;
		};
		A2224BE61ED679AE00B0C82F /* Debug */ = {
			isa = XCBuildConfiguration;
			buildSettings = {
				ASSETCATALOG_COMPILER_APPICON_NAME = "App Icon & Top Shelf Image";
				ASSETCATALOG_COMPILER_LAUNCHIMAGE_NAME = LaunchImage;
				DEVELOPMENT_TEAM = AMCXGTYG4X;
				INFOPLIST_FILE = Meh/Info.plist;
				LD_RUNPATH_SEARCH_PATHS = "$(inherited) @executable_path/Frameworks";
				PRODUCT_BUNDLE_IDENTIFIER = com.swiftyper.Meh;
				PRODUCT_NAME = "$(TARGET_NAME)";
			};
			name = Debug;
		};
		A2224BE71ED679AE00B0C82F /* Release */ = {
			isa = XCBuildConfiguration;
			buildSettings = {
				ASSETCATALOG_COMPILER_APPICON_NAME = "App Icon & Top Shelf Image";
				ASSETCATALOG_COMPILER_LAUNCHIMAGE_NAME = LaunchImage;
				DEVELOPMENT_TEAM = AMCXGTYG4X;
				INFOPLIST_FILE = Meh/Info.plist;
				LD_RUNPATH_SEARCH_PATHS = "$(inherited) @executable_path/Frameworks";
				PRODUCT_BUNDLE_IDENTIFIER = com.swiftyper.Meh;
				PRODUCT_NAME = "$(TARGET_NAME)";
			};
			name = Release;
		};
/* End XCBuildConfiguration section */

/* Begin XCConfigurationList section */
		A2224BCC1ED679AE00B0C82F /* Build configuration list for PBXProject "Meh" */ = {
			isa = XCConfigurationList;
			buildConfigurations = (
				A2224BE31ED679AE00B0C82F /* Debug */,
				A2224BE41ED679AE00B0C82F /* Release */,
			);
			defaultConfigurationIsVisible = 0;
			defaultConfigurationName = Release;
		};
		A2224BE51ED679AE00B0C82F /* Build configuration list for PBXNativeTarget "Meh" */ = {
			isa = XCConfigurationList;
			buildConfigurations = (
				A2224BE61ED679AE00B0C82F /* Debug */,
				A2224BE71ED679AE00B0C82F /* Release */,
			);
			defaultConfigurationIsVisible = 0;
		};
/* End XCConfigurationList section */
	};
	rootObject = A2224BC91ED679AE00B0C82F /* Project object */;
}
